// !$*UTF8*$!
{
	archiveVersion = 1;
	classes = {
	};
	objectVersion = 50;
	objects = {

/* Begin PBXBuildFile section */
		5308DC58215C006000351DA2 /* Constants.swift in Sources */ = {isa = PBXBuildFile; fileRef = 5308DC57215C006000351DA2 /* Constants.swift */; };
		53205DE4217A7212007231A8 /* MapViewController.swift in Sources */ = {isa = PBXBuildFile; fileRef = 53205DE3217A7212007231A8 /* MapViewController.swift */; };
		53205DE6217A729D007231A8 /* User.swift in Sources */ = {isa = PBXBuildFile; fileRef = 53205DE5217A729D007231A8 /* User.swift */; };
		53205DE8217A738E007231A8 /* StudentLocation.swift in Sources */ = {isa = PBXBuildFile; fileRef = 53205DE7217A738E007231A8 /* StudentLocation.swift */; };
		534987A12177C9B40054784B /* LoginServiceManager.swift in Sources */ = {isa = PBXBuildFile; fileRef = 534987A02177C9B40054784B /* LoginServiceManager.swift */; };
		534F5081216EA65D0021A41C /* JSONResponse.swift in Sources */ = {isa = PBXBuildFile; fileRef = 534F5080216EA65D0021A41C /* JSONResponse.swift */; };
		53A442F1215ADAC5007791EF /* AppDelegate.swift in Sources */ = {isa = PBXBuildFile; fileRef = 53A442F0215ADAC5007791EF /* AppDelegate.swift */; };
		53A442F3215ADAC5007791EF /* ViewController.swift in Sources */ = {isa = PBXBuildFile; fileRef = 53A442F2215ADAC5007791EF /* ViewController.swift */; };
		53A442F6215ADAC5007791EF /* Main.storyboard in Resources */ = {isa = PBXBuildFile; fileRef = 53A442F4215ADAC5007791EF /* Main.storyboard */; };
		53A442F9215ADAC5007791EF /* OnTheMap.xcdatamodeld in Sources */ = {isa = PBXBuildFile; fileRef = 53A442F7215ADAC5007791EF /* OnTheMap.xcdatamodeld */; };
		53A442FB215ADAC9007791EF /* Assets.xcassets in Resources */ = {isa = PBXBuildFile; fileRef = 53A442FA215ADAC9007791EF /* Assets.xcassets */; };
		53A442FE215ADAC9007791EF /* LaunchScreen.storyboard in Resources */ = {isa = PBXBuildFile; fileRef = 53A442FC215ADAC9007791EF /* LaunchScreen.storyboard */; };
		53A44309215ADACA007791EF /* OnTheMapTests.swift in Sources */ = {isa = PBXBuildFile; fileRef = 53A44308215ADACA007791EF /* OnTheMapTests.swift */; };
		53A44314215ADACA007791EF /* OnTheMapUITests.swift in Sources */ = {isa = PBXBuildFile; fileRef = 53A44313215ADACA007791EF /* OnTheMapUITests.swift */; };
		53A44327215ADE5E007791EF /* OnTheMap.storyboard in Resources */ = {isa = PBXBuildFile; fileRef = 53A44326215ADE5E007791EF /* OnTheMap.storyboard */; };
		53A4432B215AE836007791EF /* LoginViewController.swift in Sources */ = {isa = PBXBuildFile; fileRef = 53A4432A215AE836007791EF /* LoginViewController.swift */; };
		53DF8865216D105200C00462 /* Enums.swift in Sources */ = {isa = PBXBuildFile; fileRef = 53DF8864216D105200C00462 /* Enums.swift */; };
		53DF8867216D10E600C00462 /* ServiceManager.swift in Sources */ = {isa = PBXBuildFile; fileRef = 53DF8866216D10E600C00462 /* ServiceManager.swift */; };
		53DF8869216D136F00C00462 /* ServiceError.swift in Sources */ = {isa = PBXBuildFile; fileRef = 53DF8868216D136F00C00462 /* ServiceError.swift */; };
		53DF886B216D17E700C00462 /* EnvironmentVariables.swift in Sources */ = {isa = PBXBuildFile; fileRef = 53DF886A216D17E700C00462 /* EnvironmentVariables.swift */; };
/* End PBXBuildFile section */

/* Begin PBXContainerItemProxy section */
		53A44305215ADAC9007791EF /* PBXContainerItemProxy */ = {
			isa = PBXContainerItemProxy;
			containerPortal = 53A442E5215ADAC5007791EF /* Project object */;
			proxyType = 1;
			remoteGlobalIDString = 53A442EC215ADAC5007791EF;
			remoteInfo = OnTheMap;
		};
		53A44310215ADACA007791EF /* PBXContainerItemProxy */ = {
			isa = PBXContainerItemProxy;
			containerPortal = 53A442E5215ADAC5007791EF /* Project object */;
			proxyType = 1;
			remoteGlobalIDString = 53A442EC215ADAC5007791EF;
			remoteInfo = OnTheMap;
		};
/* End PBXContainerItemProxy section */

/* Begin PBXFileReference section */
		5308DC57215C006000351DA2 /* Constants.swift */ = {isa = PBXFileReference; lastKnownFileType = sourcecode.swift; path = Constants.swift; sourceTree = "<group>"; };
		53205DE3217A7212007231A8 /* MapViewController.swift */ = {isa = PBXFileReference; lastKnownFileType = sourcecode.swift; path = MapViewController.swift; sourceTree = "<group>"; };
		53205DE5217A729D007231A8 /* User.swift */ = {isa = PBXFileReference; lastKnownFileType = sourcecode.swift; path = User.swift; sourceTree = "<group>"; };
		53205DE7217A738E007231A8 /* StudentLocation.swift */ = {isa = PBXFileReference; lastKnownFileType = sourcecode.swift; path = StudentLocation.swift; sourceTree = "<group>"; };
		534987A02177C9B40054784B /* LoginServiceManager.swift */ = {isa = PBXFileReference; lastKnownFileType = sourcecode.swift; path = LoginServiceManager.swift; sourceTree = "<group>"; };
		534F5080216EA65D0021A41C /* JSONResponse.swift */ = {isa = PBXFileReference; lastKnownFileType = sourcecode.swift; path = JSONResponse.swift; sourceTree = "<group>"; };
		53A442ED215ADAC5007791EF /* OnTheMap.app */ = {isa = PBXFileReference; explicitFileType = wrapper.application; includeInIndex = 0; path = OnTheMap.app; sourceTree = BUILT_PRODUCTS_DIR; };
		53A442F0215ADAC5007791EF /* AppDelegate.swift */ = {isa = PBXFileReference; lastKnownFileType = sourcecode.swift; path = AppDelegate.swift; sourceTree = "<group>"; };
		53A442F2215ADAC5007791EF /* ViewController.swift */ = {isa = PBXFileReference; lastKnownFileType = sourcecode.swift; path = ViewController.swift; sourceTree = "<group>"; };
		53A442F5215ADAC5007791EF /* Base */ = {isa = PBXFileReference; lastKnownFileType = file.storyboard; name = Base; path = Base.lproj/Main.storyboard; sourceTree = "<group>"; };
		53A442F8215ADAC5007791EF /* OnTheMap.xcdatamodel */ = {isa = PBXFileReference; lastKnownFileType = wrapper.xcdatamodel; path = OnTheMap.xcdatamodel; sourceTree = "<group>"; };
		53A442FA215ADAC9007791EF /* Assets.xcassets */ = {isa = PBXFileReference; lastKnownFileType = folder.assetcatalog; path = Assets.xcassets; sourceTree = "<group>"; };
		53A442FD215ADAC9007791EF /* Base */ = {isa = PBXFileReference; lastKnownFileType = file.storyboard; name = Base; path = Base.lproj/LaunchScreen.storyboard; sourceTree = "<group>"; };
		53A442FF215ADAC9007791EF /* Info.plist */ = {isa = PBXFileReference; lastKnownFileType = text.plist.xml; path = Info.plist; sourceTree = "<group>"; };
		53A44304215ADAC9007791EF /* OnTheMapTests.xctest */ = {isa = PBXFileReference; explicitFileType = wrapper.cfbundle; includeInIndex = 0; path = OnTheMapTests.xctest; sourceTree = BUILT_PRODUCTS_DIR; };
		53A44308215ADACA007791EF /* OnTheMapTests.swift */ = {isa = PBXFileReference; lastKnownFileType = sourcecode.swift; path = OnTheMapTests.swift; sourceTree = "<group>"; };
		53A4430A215ADACA007791EF /* Info.plist */ = {isa = PBXFileReference; lastKnownFileType = text.plist.xml; path = Info.plist; sourceTree = "<group>"; };
		53A4430F215ADACA007791EF /* OnTheMapUITests.xctest */ = {isa = PBXFileReference; explicitFileType = wrapper.cfbundle; includeInIndex = 0; path = OnTheMapUITests.xctest; sourceTree = BUILT_PRODUCTS_DIR; };
		53A44313215ADACA007791EF /* OnTheMapUITests.swift */ = {isa = PBXFileReference; lastKnownFileType = sourcecode.swift; path = OnTheMapUITests.swift; sourceTree = "<group>"; };
		53A44315215ADACA007791EF /* Info.plist */ = {isa = PBXFileReference; lastKnownFileType = text.plist.xml; path = Info.plist; sourceTree = "<group>"; };
		53A44326215ADE5E007791EF /* OnTheMap.storyboard */ = {isa = PBXFileReference; lastKnownFileType = file.storyboard; path = OnTheMap.storyboard; sourceTree = "<group>"; };
		53A4432A215AE836007791EF /* LoginViewController.swift */ = {isa = PBXFileReference; lastKnownFileType = sourcecode.swift; path = LoginViewController.swift; sourceTree = "<group>"; };
		53DF8864216D105200C00462 /* Enums.swift */ = {isa = PBXFileReference; lastKnownFileType = sourcecode.swift; path = Enums.swift; sourceTree = "<group>"; };
		53DF8866216D10E600C00462 /* ServiceManager.swift */ = {isa = PBXFileReference; lastKnownFileType = sourcecode.swift; path = ServiceManager.swift; sourceTree = "<group>"; };
		53DF8868216D136F00C00462 /* ServiceError.swift */ = {isa = PBXFileReference; lastKnownFileType = sourcecode.swift; path = ServiceError.swift; sourceTree = "<group>"; };
		53DF886A216D17E700C00462 /* EnvironmentVariables.swift */ = {isa = PBXFileReference; lastKnownFileType = sourcecode.swift; path = EnvironmentVariables.swift; sourceTree = "<group>"; };
/* End PBXFileReference section */

/* Begin PBXFrameworksBuildPhase section */
		53A442EA215ADAC5007791EF /* Frameworks */ = {
			isa = PBXFrameworksBuildPhase;
			buildActionMask = 2147483647;
			files = (
			);
			runOnlyForDeploymentPostprocessing = 0;
		};
		53A44301215ADAC9007791EF /* Frameworks */ = {
			isa = PBXFrameworksBuildPhase;
			buildActionMask = 2147483647;
			files = (
			);
			runOnlyForDeploymentPostprocessing = 0;
		};
		53A4430C215ADACA007791EF /* Frameworks */ = {
			isa = PBXFrameworksBuildPhase;
			buildActionMask = 2147483647;
			files = (
			);
			runOnlyForDeploymentPostprocessing = 0;
		};
/* End PBXFrameworksBuildPhase section */

/* Begin PBXGroup section */
		5308DC50215BCC6900351DA2 /* Service */ = {
			isa = PBXGroup;
			children = (
				53DF8866216D10E600C00462 /* ServiceManager.swift */,
				534987A02177C9B40054784B /* LoginServiceManager.swift */,
			);
			path = Service;
			sourceTree = "<group>";
		};
		53205DE1217A71CC007231A8 /* Login */ = {
			isa = PBXGroup;
			children = (
				53A4432A215AE836007791EF /* LoginViewController.swift */,
			);
			path = Login;
			sourceTree = "<group>";
		};
		53205DE2217A71D5007231A8 /* LoggedArea */ = {
			isa = PBXGroup;
			children = (
				53205DE3217A7212007231A8 /* MapViewController.swift */,
			);
			path = LoggedArea;
			sourceTree = "<group>";
		};
		53A442E4215ADAC5007791EF = {
			isa = PBXGroup;
			children = (
				53A442EF215ADAC5007791EF /* OnTheMap */,
				53A44307215ADACA007791EF /* OnTheMapTests */,
				53A44312215ADACA007791EF /* OnTheMapUITests */,
				53A442EE215ADAC5007791EF /* Products */,
			);
			sourceTree = "<group>";
		};
		53A442EE215ADAC5007791EF /* Products */ = {
			isa = PBXGroup;
			children = (
				53A442ED215ADAC5007791EF /* OnTheMap.app */,
				53A44304215ADAC9007791EF /* OnTheMapTests.xctest */,
				53A4430F215ADACA007791EF /* OnTheMapUITests.xctest */,
			);
			name = Products;
			sourceTree = "<group>";
		};
		53A442EF215ADAC5007791EF /* OnTheMap */ = {
			isa = PBXGroup;
			children = (
				53A44324215ADD2E007791EF /* Application */,
				53A44323215ADD03007791EF /* Controller */,
				53A44322215ADCFD007791EF /* Model */,
				53A44321215ADCEA007791EF /* View */,
				53A442F2215ADAC5007791EF /* ViewController.swift */,
				53A442F4215ADAC5007791EF /* Main.storyboard */,
				53A442FA215ADAC9007791EF /* Assets.xcassets */,
				53A442FC215ADAC9007791EF /* LaunchScreen.storyboard */,
				53A442F7215ADAC5007791EF /* OnTheMap.xcdatamodeld */,
				53A442FF215ADAC9007791EF /* Info.plist */,
			);
			path = OnTheMap;
			sourceTree = "<group>";
		};
		53A44307215ADACA007791EF /* OnTheMapTests */ = {
			isa = PBXGroup;
			children = (
				53A44308215ADACA007791EF /* OnTheMapTests.swift */,
				53A4430A215ADACA007791EF /* Info.plist */,
			);
			path = OnTheMapTests;
			sourceTree = "<group>";
		};
		53A44312215ADACA007791EF /* OnTheMapUITests */ = {
			isa = PBXGroup;
			children = (
				53A44313215ADACA007791EF /* OnTheMapUITests.swift */,
				53A44315215ADACA007791EF /* Info.plist */,
			);
			path = OnTheMapUITests;
			sourceTree = "<group>";
		};
		53A44321215ADCEA007791EF /* View */ = {
			isa = PBXGroup;
			children = (
				53205DE2217A71D5007231A8 /* LoggedArea */,
				53205DE1217A71CC007231A8 /* Login */,
				53A44326215ADE5E007791EF /* OnTheMap.storyboard */,
			);
			path = View;
			sourceTree = "<group>";
		};
		53A44322215ADCFD007791EF /* Model */ = {
			isa = PBXGroup;
			children = (
				5308DC57215C006000351DA2 /* Constants.swift */,
				53DF8864216D105200C00462 /* Enums.swift */,
				53DF8868216D136F00C00462 /* ServiceError.swift */,
				53DF886A216D17E700C00462 /* EnvironmentVariables.swift */,
				534F5080216EA65D0021A41C /* JSONResponse.swift */,
				53205DE5217A729D007231A8 /* User.swift */,
				53205DE7217A738E007231A8 /* StudentLocation.swift */,
			);
			path = Model;
			sourceTree = "<group>";
		};
		53A44323215ADD03007791EF /* Controller */ = {
			isa = PBXGroup;
			children = (
				5308DC50215BCC6900351DA2 /* Service */,
			);
			path = Controller;
			sourceTree = "<group>";
		};
		53A44324215ADD2E007791EF /* Application */ = {
			isa = PBXGroup;
			children = (
				53A442F0215ADAC5007791EF /* AppDelegate.swift */,
			);
			path = Application;
			sourceTree = "<group>";
		};
/* End PBXGroup section */

/* Begin PBXNativeTarget section */
		53A442EC215ADAC5007791EF /* OnTheMap */ = {
			isa = PBXNativeTarget;
			buildConfigurationList = 53A44318215ADACA007791EF /* Build configuration list for PBXNativeTarget "OnTheMap" */;
			buildPhases = (
				53A442E9215ADAC5007791EF /* Sources */,
				53A442EA215ADAC5007791EF /* Frameworks */,
				53A442EB215ADAC5007791EF /* Resources */,
			);
			buildRules = (
			);
			dependencies = (
			);
			name = OnTheMap;
			productName = OnTheMap;
			productReference = 53A442ED215ADAC5007791EF /* OnTheMap.app */;
			productType = "com.apple.product-type.application";
		};
		53A44303215ADAC9007791EF /* OnTheMapTests */ = {
			isa = PBXNativeTarget;
			buildConfigurationList = 53A4431B215ADACA007791EF /* Build configuration list for PBXNativeTarget "OnTheMapTests" */;
			buildPhases = (
				53A44300215ADAC9007791EF /* Sources */,
				53A44301215ADAC9007791EF /* Frameworks */,
				53A44302215ADAC9007791EF /* Resources */,
			);
			buildRules = (
			);
			dependencies = (
				53A44306215ADAC9007791EF /* PBXTargetDependency */,
			);
			name = OnTheMapTests;
			productName = OnTheMapTests;
			productReference = 53A44304215ADAC9007791EF /* OnTheMapTests.xctest */;
			productType = "com.apple.product-type.bundle.unit-test";
		};
		53A4430E215ADACA007791EF /* OnTheMapUITests */ = {
			isa = PBXNativeTarget;
			buildConfigurationList = 53A4431E215ADACA007791EF /* Build configuration list for PBXNativeTarget "OnTheMapUITests" */;
			buildPhases = (
				53A4430B215ADACA007791EF /* Sources */,
				53A4430C215ADACA007791EF /* Frameworks */,
				53A4430D215ADACA007791EF /* Resources */,
			);
			buildRules = (
			);
			dependencies = (
				53A44311215ADACA007791EF /* PBXTargetDependency */,
			);
			name = OnTheMapUITests;
			productName = OnTheMapUITests;
			productReference = 53A4430F215ADACA007791EF /* OnTheMapUITests.xctest */;
			productType = "com.apple.product-type.bundle.ui-testing";
		};
/* End PBXNativeTarget section */

/* Begin PBXProject section */
		53A442E5215ADAC5007791EF /* Project object */ = {
			isa = PBXProject;
			attributes = {
				LastSwiftUpdateCheck = 0940;
				LastUpgradeCheck = 0940;
				ORGANIZATIONNAME = "Rafael Cunha";
				TargetAttributes = {
					53A442EC215ADAC5007791EF = {
						CreatedOnToolsVersion = 9.4.1;
					};
					53A44303215ADAC9007791EF = {
						CreatedOnToolsVersion = 9.4.1;
						TestTargetID = 53A442EC215ADAC5007791EF;
					};
					53A4430E215ADACA007791EF = {
						CreatedOnToolsVersion = 9.4.1;
						TestTargetID = 53A442EC215ADAC5007791EF;
					};
				};
			};
			buildConfigurationList = 53A442E8215ADAC5007791EF /* Build configuration list for PBXProject "OnTheMap" */;
			compatibilityVersion = "Xcode 9.3";
			developmentRegion = en;
			hasScannedForEncodings = 0;
			knownRegions = (
				en,
				Base,
			);
			mainGroup = 53A442E4215ADAC5007791EF;
			productRefGroup = 53A442EE215ADAC5007791EF /* Products */;
			projectDirPath = "";
			projectRoot = "";
			targets = (
				53A442EC215ADAC5007791EF /* OnTheMap */,
				53A44303215ADAC9007791EF /* OnTheMapTests */,
				53A4430E215ADACA007791EF /* OnTheMapUITests */,
			);
		};
/* End PBXProject section */

/* Begin PBXResourcesBuildPhase section */
		53A442EB215ADAC5007791EF /* Resources */ = {
			isa = PBXResourcesBuildPhase;
			buildActionMask = 2147483647;
			files = (
				53A44327215ADE5E007791EF /* OnTheMap.storyboard in Resources */,
				53A442FE215ADAC9007791EF /* LaunchScreen.storyboard in Resources */,
				53A442FB215ADAC9007791EF /* Assets.xcassets in Resources */,
				53A442F6215ADAC5007791EF /* Main.storyboard in Resources */,
			);
			runOnlyForDeploymentPostprocessing = 0;
		};
		53A44302215ADAC9007791EF /* Resources */ = {
			isa = PBXResourcesBuildPhase;
			buildActionMask = 2147483647;
			files = (
			);
			runOnlyForDeploymentPostprocessing = 0;
		};
		53A4430D215ADACA007791EF /* Resources */ = {
			isa = PBXResourcesBuildPhase;
			buildActionMask = 2147483647;
			files = (
			);
			runOnlyForDeploymentPostprocessing = 0;
		};
/* End PBXResourcesBuildPhase section */

/* Begin PBXSourcesBuildPhase section */
		53A442E9215ADAC5007791EF /* Sources */ = {
			isa = PBXSourcesBuildPhase;
			buildActionMask = 2147483647;
			files = (
				53205DE6217A729D007231A8 /* User.swift in Sources */,
				53DF8869216D136F00C00462 /* ServiceError.swift in Sources */,
				53205DE8217A738E007231A8 /* StudentLocation.swift in Sources */,
				534987A12177C9B40054784B /* LoginServiceManager.swift in Sources */,
				53A442F9215ADAC5007791EF /* OnTheMap.xcdatamodeld in Sources */,
				53DF886B216D17E700C00462 /* EnvironmentVariables.swift in Sources */,
				53A442F3215ADAC5007791EF /* ViewController.swift in Sources */,
				53A4432B215AE836007791EF /* LoginViewController.swift in Sources */,
				53A442F1215ADAC5007791EF /* AppDelegate.swift in Sources */,
				53205DE4217A7212007231A8 /* MapViewController.swift in Sources */,
				53DF8865216D105200C00462 /* Enums.swift in Sources */,
				53DF8867216D10E600C00462 /* ServiceManager.swift in Sources */,
				534F5081216EA65D0021A41C /* JSONResponse.swift in Sources */,
				5308DC58215C006000351DA2 /* Constants.swift in Sources */,
			);
			runOnlyForDeploymentPostprocessing = 0;
		};
		53A44300215ADAC9007791EF /* Sources */ = {
			isa = PBXSourcesBuildPhase;
			buildActionMask = 2147483647;
			files = (
				53A44309215ADACA007791EF /* OnTheMapTests.swift in Sources */,
			);
			runOnlyForDeploymentPostprocessing = 0;
		};
		53A4430B215ADACA007791EF /* Sources */ = {
			isa = PBXSourcesBuildPhase;
			buildActionMask = 2147483647;
			files = (
				53A44314215ADACA007791EF /* OnTheMapUITests.swift in Sources */,
			);
			runOnlyForDeploymentPostprocessing = 0;
		};
/* End PBXSourcesBuildPhase section */

/* Begin PBXTargetDependency section */
		53A44306215ADAC9007791EF /* PBXTargetDependency */ = {
			isa = PBXTargetDependency;
			target = 53A442EC215ADAC5007791EF /* OnTheMap */;
			targetProxy = 53A44305215ADAC9007791EF /* PBXContainerItemProxy */;
		};
		53A44311215ADACA007791EF /* PBXTargetDependency */ = {
			isa = PBXTargetDependency;
			target = 53A442EC215ADAC5007791EF /* OnTheMap */;
			targetProxy = 53A44310215ADACA007791EF /* PBXContainerItemProxy */;
		};
/* End PBXTargetDependency section */

/* Begin PBXVariantGroup section */
		53A442F4215ADAC5007791EF /* Main.storyboard */ = {
			isa = PBXVariantGroup;
			children = (
				53A442F5215ADAC5007791EF /* Base */,
			);
			name = Main.storyboard;
			sourceTree = "<group>";
		};
		53A442FC215ADAC9007791EF /* LaunchScreen.storyboard */ = {
			isa = PBXVariantGroup;
			children = (
				53A442FD215ADAC9007791EF /* Base */,
			);
			name = LaunchScreen.storyboard;
			sourceTree = "<group>";
		};
/* End PBXVariantGroup section */

/* Begin XCBuildConfiguration section */
		53A44316215ADACA007791EF /* Debug */ = {
			isa = XCBuildConfiguration;
			buildSettings = {
				ALWAYS_SEARCH_USER_PATHS = NO;
				CLANG_ANALYZER_NONNULL = YES;
				CLANG_ANALYZER_NUMBER_OBJECT_CONVERSION = YES_AGGRESSIVE;
				CLANG_CXX_LANGUAGE_STANDARD = "gnu++14";
				CLANG_CXX_LIBRARY = "libc++";
				CLANG_ENABLE_MODULES = YES;
				CLANG_ENABLE_OBJC_ARC = YES;
				CLANG_ENABLE_OBJC_WEAK = YES;
				CLANG_WARN_BLOCK_CAPTURE_AUTORELEASING = YES;
				CLANG_WARN_BOOL_CONVERSION = YES;
				CLANG_WARN_COMMA = YES;
				CLANG_WARN_CONSTANT_CONVERSION = YES;
				CLANG_WARN_DEPRECATED_OBJC_IMPLEMENTATIONS = YES;
				CLANG_WARN_DIRECT_OBJC_ISA_USAGE = YES_ERROR;
				CLANG_WARN_DOCUMENTATION_COMMENTS = YES;
				CLANG_WARN_EMPTY_BODY = YES;
				CLANG_WARN_ENUM_CONVERSION = YES;
				CLANG_WARN_INFINITE_RECURSION = YES;
				CLANG_WARN_INT_CONVERSION = YES;
				CLANG_WARN_NON_LITERAL_NULL_CONVERSION = YES;
				CLANG_WARN_OBJC_IMPLICIT_RETAIN_SELF = YES;
				CLANG_WARN_OBJC_LITERAL_CONVERSION = YES;
				CLANG_WARN_OBJC_ROOT_CLASS = YES_ERROR;
				CLANG_WARN_RANGE_LOOP_ANALYSIS = YES;
				CLANG_WARN_STRICT_PROTOTYPES = YES;
				CLANG_WARN_SUSPICIOUS_MOVE = YES;
				CLANG_WARN_UNGUARDED_AVAILABILITY = YES_AGGRESSIVE;
				CLANG_WARN_UNREACHABLE_CODE = YES;
				CLANG_WARN__DUPLICATE_METHOD_MATCH = YES;
				CODE_SIGN_IDENTITY = "iPhone Developer";
				COPY_PHASE_STRIP = NO;
				DEBUG_INFORMATION_FORMAT = dwarf;
				ENABLE_STRICT_OBJC_MSGSEND = YES;
				ENABLE_TESTABILITY = YES;
				GCC_C_LANGUAGE_STANDARD = gnu11;
				GCC_DYNAMIC_NO_PIC = NO;
				GCC_NO_COMMON_BLOCKS = YES;
				GCC_OPTIMIZATION_LEVEL = 0;
				GCC_PREPROCESSOR_DEFINITIONS = (
					"DEBUG=1",
					"$(inherited)",
				);
				GCC_WARN_64_TO_32_BIT_CONVERSION = YES;
				GCC_WARN_ABOUT_RETURN_TYPE = YES_ERROR;
				GCC_WARN_UNDECLARED_SELECTOR = YES;
				GCC_WARN_UNINITIALIZED_AUTOS = YES_AGGRESSIVE;
				GCC_WARN_UNUSED_FUNCTION = YES;
				GCC_WARN_UNUSED_VARIABLE = YES;
				IPHONEOS_DEPLOYMENT_TARGET = 11.4;
				MTL_ENABLE_DEBUG_INFO = YES;
				ONLY_ACTIVE_ARCH = YES;
				SDKROOT = iphoneos;
				SWIFT_ACTIVE_COMPILATION_CONDITIONS = DEBUG;
				SWIFT_OPTIMIZATION_LEVEL = "-Onone";
			};
			name = Debug;
		};
		53A44317215ADACA007791EF /* Release */ = {
			isa = XCBuildConfiguration;
			buildSettings = {
				ALWAYS_SEARCH_USER_PATHS = NO;
				CLANG_ANALYZER_NONNULL = YES;
				CLANG_ANALYZER_NUMBER_OBJECT_CONVERSION = YES_AGGRESSIVE;
				CLANG_CXX_LANGUAGE_STANDARD = "gnu++14";
				CLANG_CXX_LIBRARY = "libc++";
				CLANG_ENABLE_MODULES = YES;
				CLANG_ENABLE_OBJC_ARC = YES;
				CLANG_ENABLE_OBJC_WEAK = YES;
				CLANG_WARN_BLOCK_CAPTURE_AUTORELEASING = YES;
				CLANG_WARN_BOOL_CONVERSION = YES;
				CLANG_WARN_COMMA = YES;
				CLANG_WARN_CONSTANT_CONVERSION = YES;
				CLANG_WARN_DEPRECATED_OBJC_IMPLEMENTATIONS = YES;
				CLANG_WARN_DIRECT_OBJC_ISA_USAGE = YES_ERROR;
				CLANG_WARN_DOCUMENTATION_COMMENTS = YES;
				CLANG_WARN_EMPTY_BODY = YES;
				CLANG_WARN_ENUM_CONVERSION = YES;
				CLANG_WARN_INFINITE_RECURSION = YES;
				CLANG_WARN_INT_CONVERSION = YES;
				CLANG_WARN_NON_LITERAL_NULL_CONVERSION = YES;
				CLANG_WARN_OBJC_IMPLICIT_RETAIN_SELF = YES;
				CLANG_WARN_OBJC_LITERAL_CONVERSION = YES;
				CLANG_WARN_OBJC_ROOT_CLASS = YES_ERROR;
				CLANG_WARN_RANGE_LOOP_ANALYSIS = YES;
				CLANG_WARN_STRICT_PROTOTYPES = YES;
				CLANG_WARN_SUSPICIOUS_MOVE = YES;
				CLANG_WARN_UNGUARDED_AVAILABILITY = YES_AGGRESSIVE;
				CLANG_WARN_UNREACHABLE_CODE = YES;
				CLANG_WARN__DUPLICATE_METHOD_MATCH = YES;
				CODE_SIGN_IDENTITY = "iPhone Developer";
				COPY_PHASE_STRIP = NO;
				DEBUG_INFORMATION_FORMAT = "dwarf-with-dsym";
				ENABLE_NS_ASSERTIONS = NO;
				ENABLE_STRICT_OBJC_MSGSEND = YES;
				GCC_C_LANGUAGE_STANDARD = gnu11;
				GCC_NO_COMMON_BLOCKS = YES;
				GCC_WARN_64_TO_32_BIT_CONVERSION = YES;
				GCC_WARN_ABOUT_RETURN_TYPE = YES_ERROR;
				GCC_WARN_UNDECLARED_SELECTOR = YES;
				GCC_WARN_UNINITIALIZED_AUTOS = YES_AGGRESSIVE;
				GCC_WARN_UNUSED_FUNCTION = YES;
				GCC_WARN_UNUSED_VARIABLE = YES;
				IPHONEOS_DEPLOYMENT_TARGET = 11.4;
				MTL_ENABLE_DEBUG_INFO = NO;
				SDKROOT = iphoneos;
				SWIFT_COMPILATION_MODE = wholemodule;
				SWIFT_OPTIMIZATION_LEVEL = "-O";
				VALIDATE_PRODUCT = YES;
			};
			name = Release;
		};
		53A44319215ADACA007791EF /* Debug */ = {
			isa = XCBuildConfiguration;
			buildSettings = {
				ASSETCATALOG_COMPILER_APPICON_NAME = AppIcon;
				CODE_SIGN_STYLE = Automatic;
				INFOPLIST_FILE = OnTheMap/Info.plist;
				LD_RUNPATH_SEARCH_PATHS = (
					"$(inherited)",
					"@executable_path/Frameworks",
				);
				PRODUCT_BUNDLE_IDENTIFIER = rcoCompany.OnTheMap;
				PRODUCT_NAME = "$(TARGET_NAME)";
				SWIFT_VERSION = 4.0;
				TARGETED_DEVICE_FAMILY = "1,2";
			};
			name = Debug;
		};
		53A4431A215ADACA007791EF /* Release */ = {
			isa = XCBuildConfiguration;
			buildSettings = {
				ASSETCATALOG_COMPILER_APPICON_NAME = AppIcon;
				CODE_SIGN_STYLE = Automatic;
				INFOPLIST_FILE = OnTheMap/Info.plist;
				LD_RUNPATH_SEARCH_PATHS = (
					"$(inherited)",
					"@executable_path/Frameworks",
				);
				PRODUCT_BUNDLE_IDENTIFIER = rcoCompany.OnTheMap;
				PRODUCT_NAME = "$(TARGET_NAME)";
				SWIFT_VERSION = 4.0;
				TARGETED_DEVICE_FAMILY = "1,2";
			};
			name = Release;
		};
		53A4431C215ADACA007791EF /* Debug */ = {
			isa = XCBuildConfiguration;
			buildSettings = {
				ALWAYS_EMBED_SWIFT_STANDARD_LIBRARIES = YES;
				BUNDLE_LOADER = "$(TEST_HOST)";
				CODE_SIGN_STYLE = Automatic;
				INFOPLIST_FILE = OnTheMapTests/Info.plist;
				LD_RUNPATH_SEARCH_PATHS = (
					"$(inherited)",
					"@executable_path/Frameworks",
					"@loader_path/Frameworks",
				);
				PRODUCT_BUNDLE_IDENTIFIER = rcoCompany.OnTheMapTests;
				PRODUCT_NAME = "$(TARGET_NAME)";
				SWIFT_VERSION = 4.0;
				TARGETED_DEVICE_FAMILY = "1,2";
				TEST_HOST = "$(BUILT_PRODUCTS_DIR)/OnTheMap.app/OnTheMap";
			};
			name = Debug;
		};
		53A4431D215ADACA007791EF /* Release */ = {
			isa = XCBuildConfiguration;
			buildSettings = {
				ALWAYS_EMBED_SWIFT_STANDARD_LIBRARIES = YES;
				BUNDLE_LOADER = "$(TEST_HOST)";
				CODE_SIGN_STYLE = Automatic;
				INFOPLIST_FILE = OnTheMapTests/Info.plist;
				LD_RUNPATH_SEARCH_PATHS = (
					"$(inherited)",
					"@executable_path/Frameworks",
					"@loader_path/Frameworks",
				);
				PRODUCT_BUNDLE_IDENTIFIER = rcoCompany.OnTheMapTests;
				PRODUCT_NAME = "$(TARGET_NAME)";
				SWIFT_VERSION = 4.0;
				TARGETED_DEVICE_FAMILY = "1,2";
				TEST_HOST = "$(BUILT_PRODUCTS_DIR)/OnTheMap.app/OnTheMap";
			};
			name = Release;
		};
		53A4431F215ADACA007791EF /* Debug */ = {
			isa = XCBuildConfiguration;
			buildSettings = {
				ALWAYS_EMBED_SWIFT_STANDARD_LIBRARIES = YES;
				CODE_SIGN_STYLE = Automatic;
				INFOPLIST_FILE = OnTheMapUITests/Info.plist;
				LD_RUNPATH_SEARCH_PATHS = (
					"$(inherited)",
					"@executable_path/Frameworks",
					"@loader_path/Frameworks",
				);
				PRODUCT_BUNDLE_IDENTIFIER = rcoCompany.OnTheMapUITests;
				PRODUCT_NAME = "$(TARGET_NAME)";
				SWIFT_VERSION = 4.0;
				TARGETED_DEVICE_FAMILY = "1,2";
				TEST_TARGET_NAME = OnTheMap;
			};
			name = Debug;
		};
		53A44320215ADACA007791EF /* Release */ = {
			isa = XCBuildConfiguration;
			buildSettings = {
				ALWAYS_EMBED_SWIFT_STANDARD_LIBRARIES = YES;
				CODE_SIGN_STYLE = Automatic;
				INFOPLIST_FILE = OnTheMapUITests/Info.plist;
				LD_RUNPATH_SEARCH_PATHS = (
					"$(inherited)",
					"@executable_path/Frameworks",
					"@loader_path/Frameworks",
				);
				PRODUCT_BUNDLE_IDENTIFIER = rcoCompany.OnTheMapUITests;
				PRODUCT_NAME = "$(TARGET_NAME)";
				SWIFT_VERSION = 4.0;
				TARGETED_DEVICE_FAMILY = "1,2";
				TEST_TARGET_NAME = OnTheMap;
			};
			name = Release;
		};
/* End XCBuildConfiguration section */

/* Begin XCConfigurationList section */
		53A442E8215ADAC5007791EF /* Build configuration list for PBXProject "OnTheMap" */ = {
			isa = XCConfigurationList;
			buildConfigurations = (
				53A44316215ADACA007791EF /* Debug */,
				53A44317215ADACA007791EF /* Release */,
			);
			defaultConfigurationIsVisible = 0;
			defaultConfigurationName = Release;
		};
		53A44318215ADACA007791EF /* Build configuration list for PBXNativeTarget "OnTheMap" */ = {
			isa = XCConfigurationList;
			buildConfigurations = (
				53A44319215ADACA007791EF /* Debug */,
				53A4431A215ADACA007791EF /* Release */,
			);
			defaultConfigurationIsVisible = 0;
			defaultConfigurationName = Release;
		};
		53A4431B215ADACA007791EF /* Build configuration list for PBXNativeTarget "OnTheMapTests" */ = {
			isa = XCConfigurationList;
			buildConfigurations = (
				53A4431C215ADACA007791EF /* Debug */,
				53A4431D215ADACA007791EF /* Release */,
			);
			defaultConfigurationIsVisible = 0;
			defaultConfigurationName = Release;
		};
		53A4431E215ADACA007791EF /* Build configuration list for PBXNativeTarget "OnTheMapUITests" */ = {
			isa = XCConfigurationList;
			buildConfigurations = (
				53A4431F215ADACA007791EF /* Debug */,
				53A44320215ADACA007791EF /* Release */,
			);
			defaultConfigurationIsVisible = 0;
			defaultConfigurationName = Release;
		};
/* End XCConfigurationList section */

/* Begin XCVersionGroup section */
		53A442F7215ADAC5007791EF /* OnTheMap.xcdatamodeld */ = {
			isa = XCVersionGroup;
			children = (
				53A442F8215ADAC5007791EF /* OnTheMap.xcdatamodel */,
			);
			currentVersion = 53A442F8215ADAC5007791EF /* OnTheMap.xcdatamodel */;
			path = OnTheMap.xcdatamodeld;
			sourceTree = "<group>";
			versionGroupType = wrapper.xcdatamodel;
		};
/* End XCVersionGroup section */
	};
	rootObject = 53A442E5215ADAC5007791EF /* Project object */;
}
